
Microsoft Visual Studio Solution File, Format Version 12.00
# Visual Studio Version 16
VisualStudioVersion = 16.0.29230.47
MinimumVisualStudioVersion = 10.0.40219.1
Project("{2150E333-8FDC-42A3-9474-1A3956D46DE8}") = "Tests", "Tests", "{F0F4D059-B3BA-4E8B-9287-AB7A85E6CC98}"
	ProjectSection(SolutionItems) = preProject
		Tests\TestHelper.config = Tests\TestHelper.config
	EndProjectSection
EndProject
Project("{2150E333-8FDC-42A3-9474-1A3956D46DE8}") = "Solution items", "Solution items", "{F7D4BB46-0A8B-4AAB-AD18-645D96316574}"
	ProjectSection(SolutionItems) = preProject
		.editorconfig = .editorconfig
		.gitignore = .gitignore
		NuGet.config = NuGet.config
		RepositoryInfo.xml = RepositoryInfo.xml
	EndProjectSection
EndProject
Project("{9A19103F-16F7-4668-BE54-9A1E7A4F7556}") = "Back.App", "Back.App\Back.App.csproj", "{8B29E77B-7D76-4C50-9C31-996F83C0B78F}"
EndProject
Project("{9A19103F-16F7-4668-BE54-9A1E7A4F7556}") = "Front.App", "Front.App\Front.App.csproj", "{83ADFBDA-539C-404A-BBC3-A32679459928}"
EndProject
Project("{9A19103F-16F7-4668-BE54-9A1E7A4F7556}") = "CKSetup", "CKSetup\CKSetup.csproj", "{7758C721-9372-4FE1-B29E-D00E59C5A42F}"
EndProject
Project("{9A19103F-16F7-4668-BE54-9A1E7A4F7556}") = "Back.Web", "Back.Web\Back.Web.csproj", "{A24B9C07-80D5-4606-BF6C-02EE24EDCDBD}"
EndProject
Project("{9A19103F-16F7-4668-BE54-9A1E7A4F7556}") = "Front.Web", "Front.Web\Front.Web.csproj", "{E3845A34-89F7-4CDF-A4B9-4F5AFED2000B}"
EndProject
Project("{9A19103F-16F7-4668-BE54-9A1E7A4F7556}") = "Front.App.Tests", "Tests\Front.App.Tests\Front.App.Tests.csproj", "{140B7847-1336-4713-ABAB-1CD62AE415D0}"
EndProject
Project("{9A19103F-16F7-4668-BE54-9A1E7A4F7556}") = "Back.App.Tests", "Tests\Back.App.Tests\Back.App.Tests.csproj", "{363A8D5C-47C1-483B-A3CD-8C498394FF02}"
EndProject
Project("{9A19103F-16F7-4668-BE54-9A1E7A4F7556}") = "CodeCakeBuilder", "CodeCakeBuilder\CodeCakeBuilder.csproj", "{7181AB05-8E3A-4EFA-A7BD-658CCC87569E}"
EndProject
Global
	GlobalSection(SolutionConfigurationPlatforms) = preSolution
		Debug|Any CPU = Debug|Any CPU
		Release|Any CPU = Release|Any CPU
	EndGlobalSection
	GlobalSection(ProjectConfigurationPlatforms) = postSolution
		{8B29E77B-7D76-4C50-9C31-996F83C0B78F}.Debug|Any CPU.ActiveCfg = Debug|Any CPU
		{8B29E77B-7D76-4C50-9C31-996F83C0B78F}.Debug|Any CPU.Build.0 = Debug|Any CPU
		{8B29E77B-7D76-4C50-9C31-996F83C0B78F}.Release|Any CPU.ActiveCfg = Release|Any CPU
		{8B29E77B-7D76-4C50-9C31-996F83C0B78F}.Release|Any CPU.Build.0 = Release|Any CPU
		{83ADFBDA-539C-404A-BBC3-A32679459928}.Debug|Any CPU.ActiveCfg = Debug|Any CPU
		{83ADFBDA-539C-404A-BBC3-A32679459928}.Debug|Any CPU.Build.0 = Debug|Any CPU
		{83ADFBDA-539C-404A-BBC3-A32679459928}.Release|Any CPU.ActiveCfg = Release|Any CPU
		{83ADFBDA-539C-404A-BBC3-A32679459928}.Release|Any CPU.Build.0 = Release|Any CPU
		{7758C721-9372-4FE1-B29E-D00E59C5A42F}.Debug|Any CPU.ActiveCfg = Debug|Any CPU
		{7758C721-9372-4FE1-B29E-D00E59C5A42F}.Debug|Any CPU.Build.0 = Debug|Any CPU
		{7758C721-9372-4FE1-B29E-D00E59C5A42F}.Release|Any CPU.ActiveCfg = Release|Any CPU
		{7758C721-9372-4FE1-B29E-D00E59C5A42F}.Release|Any CPU.Build.0 = Release|Any CPU
		{A24B9C07-80D5-4606-BF6C-02EE24EDCDBD}.Debug|Any CPU.ActiveCfg = Debug|Any CPU
		{A24B9C07-80D5-4606-BF6C-02EE24EDCDBD}.Debug|Any CPU.Build.0 = Debug|Any CPU
		{A24B9C07-80D5-4606-BF6C-02EE24EDCDBD}.Release|Any CPU.ActiveCfg = Release|Any CPU
		{A24B9C07-80D5-4606-BF6C-02EE24EDCDBD}.Release|Any CPU.Build.0 = Release|Any CPU
		{E3845A34-89F7-4CDF-A4B9-4F5AFED2000B}.Debug|Any CPU.ActiveCfg = Debug|Any CPU
		{E3845A34-89F7-4CDF-A4B9-4F5AFED2000B}.Debug|Any CPU.Build.0 = Debug|Any CPU
		{E3845A34-89F7-4CDF-A4B9-4F5AFED2000B}.Release|Any CPU.ActiveCfg = Release|Any CPU
		{E3845A34-89F7-4CDF-A4B9-4F5AFED2000B}.Release|Any CPU.Build.0 = Release|Any CPU
		{140B7847-1336-4713-ABAB-1CD62AE415D0}.Debug|Any CPU.ActiveCfg = Debug|Any CPU
		{140B7847-1336-4713-ABAB-1CD62AE415D0}.Debug|Any CPU.Build.0 = Debug|Any CPU
		{140B7847-1336-4713-ABAB-1CD62AE415D0}.Release|Any CPU.ActiveCfg = Release|Any CPU
		{140B7847-1336-4713-ABAB-1CD62AE415D0}.Release|Any CPU.Build.0 = Release|Any CPU
		{363A8D5C-47C1-483B-A3CD-8C498394FF02}.Debug|Any CPU.ActiveCfg = Debug|Any CPU
		{363A8D5C-47C1-483B-A3CD-8C498394FF02}.Debug|Any CPU.Build.0 = Debug|Any CPU
		{363A8D5C-47C1-483B-A3CD-8C498394FF02}.Release|Any CPU.ActiveCfg = Release|Any CPU
		{363A8D5C-47C1-483B-A3CD-8C498394FF02}.Release|Any CPU.Build.0 = Release|Any CPU
		{7181AB05-8E3A-4EFA-A7BD-658CCC87569E}.Debug|Any CPU.ActiveCfg = Debug|Any CPU
		{7181AB05-8E3A-4EFA-A7BD-658CCC87569E}.Debug|Any CPU.Build.0 = Debug|Any CPU
		{7181AB05-8E3A-4EFA-A7BD-658CCC87569E}.Release|Any CPU.ActiveCfg = Release|Any CPU
		{7181AB05-8E3A-4EFA-A7BD-658CCC87569E}.Release|Any CPU.Build.0 = Release|Any CPU
	EndGlobalSection
	GlobalSection(SolutionProperties) = preSolution
		HideSolutionNode = FALSE
	EndGlobalSection
	GlobalSection(NestedProjects) = preSolution
		{140B7847-1336-4713-ABAB-1CD62AE415D0} = {F0F4D059-B3BA-4E8B-9287-AB7A85E6CC98}
		{363A8D5C-47C1-483B-A3CD-8C498394FF02} = {F0F4D059-B3BA-4E8B-9287-AB7A85E6CC98}
	EndGlobalSection
	GlobalSection(ExtensibilityGlobals) = postSolution
		SolutionGuid = {17C5764B-0676-48E3-A7D4-ED91C4FDAD21}
	EndGlobalSection
EndGlobal
