Microsoft Visual Studio Solution File, Format Version 12.00
# Visual Studio Version 17
VisualStudioVersion = 17.10.35013.160
MinimumVisualStudioVersion = 10.0.40219.1
Project("{2150E333-8FDC-42A3-9474-1A3956D46DE8}") = "Tests", "Tests", "{F0F4D059-B3BA-4E8B-9287-AB7A85E6CC98}"
EndProject
Project("{2150E333-8FDC-42A3-9474-1A3956D46DE8}") = "Solution Items", "Solution Items", "{F7D4BB46-0A8B-4AAB-AD18-645D96316574}"
	ProjectSection(SolutionItems) = preProject
		.editorconfig = .editorconfig
		.gitignore = .gitignore
		appveyor.yml = appveyor.yml
		Directory.Build.props = Directory.Build.props
		.config\dotnet-tools.json = .config\dotnet-tools.json
		NuGet.config = NuGet.config
		RepositoryInfo.xml = RepositoryInfo.xml
	EndProjectSection
EndProject
Project("{9A19103F-16F7-4668-BE54-9A1E7A4F7556}") = "CodeCakeBuilder", "CodeCakeBuilder\CodeCakeBuilder.csproj", "{7181AB05-8E3A-4EFA-A7BD-658CCC87569E}"
EndProject
Project("{9A19103F-16F7-4668-BE54-9A1E7A4F7556}") = "Back1.App", "Back1.App\Back1.App.csproj", "{09A57505-CFE9-4AD5-981B-715AA179934B}"
EndProject
Project("{9A19103F-16F7-4668-BE54-9A1E7A4F7556}") = "Back1.Host", "Back1.Host\Back1.Host.csproj", "{33AD59AE-FF3A-4762-89E4-F1BFA40751F7}"
EndProject
Project("{9A19103F-16F7-4668-BE54-9A1E7A4F7556}") = "Back2.App", "Back2.App\Back2.App.csproj", "{ECF554AD-BDDD-4DAB-9CFD-4730610764BA}"
EndProject
Project("{9A19103F-16F7-4668-BE54-9A1E7A4F7556}") = "Back2.Host", "Back2.Host\Back2.Host.csproj", "{B2E05B48-7CD0-42F9-AF51-FDCBFDF1F0D5}"
EndProject
Project("{9A19103F-16F7-4668-BE54-9A1E7A4F7556}") = "Backs.Builder", "Backs.Builder\Backs.Builder.csproj", "{19911A7E-7F00-4786-92D2-662FD796DF71}"
EndProject
Project("{9A19103F-16F7-4668-BE54-9A1E7A4F7556}") = "Back1.App.Tests", "Tests\Back1.App.Tests\Back1.App.Tests.csproj", "{22E28957-163B-4F7E-9659-91E68361838E}"
EndProject
Project("{9A19103F-16F7-4668-BE54-9A1E7A4F7556}") = "Back2.App.Tests", "Tests\Back2.App.Tests\Back2.App.Tests.csproj", "{43048124-5062-482C-A69F-16C7E615B83C}"
EndProject
Global
	GlobalSection(SolutionConfigurationPlatforms) = preSolution
		Debug|Any CPU = Debug|Any CPU
		Release|Any CPU = Release|Any CPU
	EndGlobalSection
	GlobalSection(ProjectConfigurationPlatforms) = postSolution
		{7181AB05-8E3A-4EFA-A7BD-658CCC87569E}.Debug|Any CPU.ActiveCfg = Debug|Any CPU
		{7181AB05-8E3A-4EFA-A7BD-658CCC87569E}.Debug|Any CPU.Build.0 = Debug|Any CPU
		{7181AB05-8E3A-4EFA-A7BD-658CCC87569E}.Release|Any CPU.ActiveCfg = Release|Any CPU
		{7181AB05-8E3A-4EFA-A7BD-658CCC87569E}.Release|Any CPU.Build.0 = Release|Any CPU
		{09A57505-CFE9-4AD5-981B-715AA179934B}.Debug|Any CPU.ActiveCfg = Debug|Any CPU
		{09A57505-CFE9-4AD5-981B-715AA179934B}.Debug|Any CPU.Build.0 = Debug|Any CPU
		{09A57505-CFE9-4AD5-981B-715AA179934B}.Release|Any CPU.ActiveCfg = Release|Any CPU
		{09A57505-CFE9-4AD5-981B-715AA179934B}.Release|Any CPU.Build.0 = Release|Any CPU
		{33AD59AE-FF3A-4762-89E4-F1BFA40751F7}.Debug|Any CPU.ActiveCfg = Debug|Any CPU
		{33AD59AE-FF3A-4762-89E4-F1BFA40751F7}.Debug|Any CPU.Build.0 = Debug|Any CPU
		{33AD59AE-FF3A-4762-89E4-F1BFA40751F7}.Release|Any CPU.ActiveCfg = Release|Any CPU
		{33AD59AE-FF3A-4762-89E4-F1BFA40751F7}.Release|Any CPU.Build.0 = Release|Any CPU
		{ECF554AD-BDDD-4DAB-9CFD-4730610764BA}.Debug|Any CPU.ActiveCfg = Debug|Any CPU
		{ECF554AD-BDDD-4DAB-9CFD-4730610764BA}.Debug|Any CPU.Build.0 = Debug|Any CPU
		{ECF554AD-BDDD-4DAB-9CFD-4730610764BA}.Release|Any CPU.ActiveCfg = Release|Any CPU
		{ECF554AD-BDDD-4DAB-9CFD-4730610764BA}.Release|Any CPU.Build.0 = Release|Any CPU
		{B2E05B48-7CD0-42F9-AF51-FDCBFDF1F0D5}.Debug|Any CPU.ActiveCfg = Debug|Any CPU
		{B2E05B48-7CD0-42F9-AF51-FDCBFDF1F0D5}.Debug|Any CPU.Build.0 = Debug|Any CPU
		{B2E05B48-7CD0-42F9-AF51-FDCBFDF1F0D5}.Release|Any CPU.ActiveCfg = Release|Any CPU
		{B2E05B48-7CD0-42F9-AF51-FDCBFDF1F0D5}.Release|Any CPU.Build.0 = Release|Any CPU
		{19911A7E-7F00-4786-92D2-662FD796DF71}.Debug|Any CPU.ActiveCfg = Debug|Any CPU
		{19911A7E-7F00-4786-92D2-662FD796DF71}.Debug|Any CPU.Build.0 = Debug|Any CPU
		{19911A7E-7F00-4786-92D2-662FD796DF71}.Release|Any CPU.ActiveCfg = Release|Any CPU
		{19911A7E-7F00-4786-92D2-662FD796DF71}.Release|Any CPU.Build.0 = Release|Any CPU
		{22E28957-163B-4F7E-9659-91E68361838E}.Debug|Any CPU.ActiveCfg = Debug|Any CPU
		{22E28957-163B-4F7E-9659-91E68361838E}.Debug|Any CPU.Build.0 = Debug|Any CPU
		{22E28957-163B-4F7E-9659-91E68361838E}.Release|Any CPU.ActiveCfg = Release|Any CPU
		{22E28957-163B-4F7E-9659-91E68361838E}.Release|Any CPU.Build.0 = Release|Any CPU
		{43048124-5062-482C-A69F-16C7E615B83C}.Debug|Any CPU.ActiveCfg = Debug|Any CPU
		{43048124-5062-482C-A69F-16C7E615B83C}.Debug|Any CPU.Build.0 = Debug|Any CPU
		{43048124-5062-482C-A69F-16C7E615B83C}.Release|Any CPU.ActiveCfg = Release|Any CPU
		{43048124-5062-482C-A69F-16C7E615B83C}.Release|Any CPU.Build.0 = Release|Any CPU
	EndGlobalSection
	GlobalSection(SolutionProperties) = preSolution
		HideSolutionNode = FALSE
	EndGlobalSection
	GlobalSection(NestedProjects) = preSolution
		{22E28957-163B-4F7E-9659-91E68361838E} = {F0F4D059-B3BA-4E8B-9287-AB7A85E6CC98}
		{43048124-5062-482C-A69F-16C7E615B83C} = {F0F4D059-B3BA-4E8B-9287-AB7A85E6CC98}
	EndGlobalSection
	GlobalSection(ExtensibilityGlobals) = postSolution
		SolutionGuid = {17C5764B-0676-48E3-A7D4-ED91C4FDAD21}
	EndGlobalSection
EndGlobal
